{
  "requires": true,
  "lockfileVersion": 1,
  "dependencies": {
    "dat.gui": {
      "version": "0.7.6",
      "resolved": "https://registry.npmjs.org/dat.gui/-/dat.gui-0.7.6.tgz",
      "integrity": "sha512-9Uqr4aQUvp9q5P2b4y6gK604HXafubOq578OmOS8mjrIkYrBP4EbQ9gz9YRXgyPh7aQi+b9H/jAG7EucmhYpSA=="
    },
    "three": {
      "version": "0.111.0",
      "resolved": "https://registry.npmjs.org/three/-/three-0.111.0.tgz",
      "integrity": "sha512-AcTqyGJ3H75AIusOuADy0LsP958QKQwm/YhABHFMzd6RFXPNVay1rlSbbG6WYv7KM72G2THMMwqbjQd4dVHMkQ=="
    },
    "three-obj-loader": {
      "version": "1.1.3",
      "resolved": "https://registry.npmjs.org/three-obj-loader/-/three-obj-loader-1.1.3.tgz",
      "integrity": "sha512-usuOOTAqeM7J7dyae/I9ltFnfy1g47Hsr3byTvBTeH9LYz5vb2i8rLd2Hi1HEr0MbB5H4p9YrqFaDGcijXEVNw=="
    },
    "three-trackballcontrols": {
      "version": "0.0.8",
      "resolved": "https://registry.npmjs.org/three-trackballcontrols/-/three-trackballcontrols-0.0.8.tgz",
      "integrity": "sha512-9my4rB/ILaJw8E6khOcC6d8F8kEe6BvRtCer9bFJGZOh9txy4BqzwPrG7d8YCKK9MfcyTUoLsB5LKIsbtsZRTg=="
    },
    "vue": {
      "version": "2.6.11",
      "resolved": "https://registry.npmjs.org/vue/-/vue-2.6.11.tgz",
      "integrity": "sha512-VfPwgcGABbGAue9+sfrD4PuwFar7gPb1yl1UK1MwXoQPAw0BKSqWfoYCT/ThFrdEVWoI51dBuyCoiNU9bZDZxQ=="
    }
  }
}
